// !$*UTF8*$!
{
	archiveVersion = 1;
	classes = {
	};
	objectVersion = 46;
	objects = {

/* Begin PBXBuildFile section */
		C79240E319406022002C7539 /* AppDelegate.swift in Sources */ = {isa = PBXBuildFile; fileRef = C79240E219406022002C7539 /* AppDelegate.swift */; };
		C79240E619406022002C7539 /* FTest.xcdatamodeld in Sources */ = {isa = PBXBuildFile; fileRef = C79240E419406022002C7539 /* FTest.xcdatamodeld */; };
		C79240E819406022002C7539 /* Images.xcassets in Resources */ = {isa = PBXBuildFile; fileRef = C79240E719406022002C7539 /* Images.xcassets */; };
		C79240F419406022002C7539 /* FTestTests.swift in Sources */ = {isa = PBXBuildFile; fileRef = C79240F319406022002C7539 /* FTestTests.swift */; };
/* End PBXBuildFile section */

/* Begin PBXContainerItemProxy section */
		C79240EE19406022002C7539 /* PBXContainerItemProxy */ = {
			isa = PBXContainerItemProxy;
			containerPortal = C79240D519406022002C7539 /* Project object */;
			proxyType = 1;
			remoteGlobalIDString = C79240DC19406022002C7539;
			remoteInfo = FTest;
		};
/* End PBXContainerItemProxy section */

/* Begin PBXFileReference section */
		C79240DD19406022002C7539 /* FTest.app */ = {isa = PBXFileReference; explicitFileType = wrapper.application; includeInIndex = 0; path = FTest.app; sourceTree = BUILT_PRODUCTS_DIR; };
		C79240E119406022002C7539 /* Info.plist */ = {isa = PBXFileReference; lastKnownFileType = text.plist.xml; path = Info.plist; sourceTree = "<group>"; };
		C79240E219406022002C7539 /* AppDelegate.swift */ = {isa = PBXFileReference; lastKnownFileType = sourcecode.swift; path = AppDelegate.swift; sourceTree = "<group>"; };
		C79240E519406022002C7539 /* FTest.xcdatamodel */ = {isa = PBXFileReference; lastKnownFileType = wrapper.xcdatamodel; path = FTest.xcdatamodel; sourceTree = "<group>"; };
		C79240E719406022002C7539 /* Images.xcassets */ = {isa = PBXFileReference; lastKnownFileType = folder.assetcatalog; path = Images.xcassets; sourceTree = "<group>"; };
		C79240ED19406022002C7539 /* FTestTests.xctest */ = {isa = PBXFileReference; explicitFileType = wrapper.cfbundle; includeInIndex = 0; path = FTestTests.xctest; sourceTree = BUILT_PRODUCTS_DIR; };
		C79240F219406022002C7539 /* Info.plist */ = {isa = PBXFileReference; lastKnownFileType = text.plist.xml; path = Info.plist; sourceTree = "<group>"; };
		C79240F319406022002C7539 /* FTestTests.swift */ = {isa = PBXFileReference; lastKnownFileType = sourcecode.swift; path = FTestTests.swift; sourceTree = "<group>"; };
/* End PBXFileReference section */

/* Begin PBXFrameworksBuildPhase section */
		C79240DA19406022002C7539 /* Frameworks */ = {
			isa = PBXFrameworksBuildPhase;
			buildActionMask = 2147483647;
			files = (
			);
			runOnlyForDeploymentPostprocessing = 0;
		};
		C79240EA19406022002C7539 /* Frameworks */ = {
			isa = PBXFrameworksBuildPhase;
			buildActionMask = 2147483647;
			files = (
			);
			runOnlyForDeploymentPostprocessing = 0;
		};
/* End PBXFrameworksBuildPhase section */

/* Begin PBXGroup section */
		C79240D419406022002C7539 = {
			isa = PBXGroup;
			children = (
				C79240DF19406022002C7539 /* FTest */,
				C79240F019406022002C7539 /* FTestTests */,
				C79240DE19406022002C7539 /* Products */,
			);
			sourceTree = "<group>";
		};
		C79240DE19406022002C7539 /* Products */ = {
			isa = PBXGroup;
			children = (
				C79240DD19406022002C7539 /* FTest.app */,
				C79240ED19406022002C7539 /* FTestTests.xctest */,
			);
			name = Products;
			sourceTree = "<group>";
		};
		C79240DF19406022002C7539 /* FTest */ = {
			isa = PBXGroup;
			children = (
				C79240E219406022002C7539 /* AppDelegate.swift */,
				C79240E719406022002C7539 /* Images.xcassets */,
				C79240E419406022002C7539 /* FTest.xcdatamodeld */,
				C79240E019406022002C7539 /* Supporting Files */,
			);
			path = FTest;
			sourceTree = "<group>";
		};
		C79240E019406022002C7539 /* Supporting Files */ = {
			isa = PBXGroup;
			children = (
				C79240E119406022002C7539 /* Info.plist */,
			);
			name = "Supporting Files";
			sourceTree = "<group>";
		};
		C79240F019406022002C7539 /* FTestTests */ = {
			isa = PBXGroup;
			children = (
				C79240F319406022002C7539 /* FTestTests.swift */,
				C79240F119406022002C7539 /* Supporting Files */,
			);
			path = FTestTests;
			sourceTree = "<group>";
		};
		C79240F119406022002C7539 /* Supporting Files */ = {
			isa = PBXGroup;
			children = (
				C79240F219406022002C7539 /* Info.plist */,
			);
			name = "Supporting Files";
			sourceTree = "<group>";
		};
/* End PBXGroup section */

/* Begin PBXNativeTarget section */
		C79240DC19406022002C7539 /* FTest */ = {
			isa = PBXNativeTarget;
			buildConfigurationList = C79240F719406022002C7539 /* Build configuration list for PBXNativeTarget "FTest" */;
			buildPhases = (
				C79240D919406022002C7539 /* Sources */,
				C79240DA19406022002C7539 /* Frameworks */,
				C79240DB19406022002C7539 /* Resources */,
			);
			buildRules = (
			);
			dependencies = (
			);
			name = FTest;
			productName = FTest;
			productReference = C79240DD19406022002C7539 /* FTest.app */;
			productType = "com.apple.product-type.application";
		};
		C79240EC19406022002C7539 /* FTestTests */ = {
			isa = PBXNativeTarget;
			buildConfigurationList = C79240FA19406022002C7539 /* Build configuration list for PBXNativeTarget "FTestTests" */;
			buildPhases = (
				C79240E919406022002C7539 /* Sources */,
				C79240EA19406022002C7539 /* Frameworks */,
				C79240EB19406022002C7539 /* Resources */,
			);
			buildRules = (
			);
			dependencies = (
				C79240EF19406022002C7539 /* PBXTargetDependency */,
			);
			name = FTestTests;
			productName = FTestTests;
			productReference = C79240ED19406022002C7539 /* FTestTests.xctest */;
			productType = "com.apple.product-type.bundle.unit-test";
		};
/* End PBXNativeTarget section */

/* Begin PBXProject section */
		C79240D519406022002C7539 /* Project object */ = {
			isa = PBXProject;
			attributes = {
				LastUpgradeCheck = 0600;
				ORGANIZATIONNAME = zdksii;
				TargetAttributes = {
					C79240DC19406022002C7539 = {
						CreatedOnToolsVersion = 6.0;
					};
					C79240EC19406022002C7539 = {
						CreatedOnToolsVersion = 6.0;
						TestTargetID = C79240DC19406022002C7539;
					};
				};
			};
			buildConfigurationList = C79240D819406022002C7539 /* Build configuration list for PBXProject "FTest" */;
			compatibilityVersion = "Xcode 3.2";
			developmentRegion = English;
			hasScannedForEncodings = 0;
			knownRegions = (
				en,
			);
			mainGroup = C79240D419406022002C7539;
			productRefGroup = C79240DE19406022002C7539 /* Products */;
			projectDirPath = "";
			projectRoot = "";
			targets = (
				C79240DC19406022002C7539 /* FTest */,
				C79240EC19406022002C7539 /* FTestTests */,
			);
		};
/* End PBXProject section */

/* Begin PBXResourcesBuildPhase section */
		C79240DB19406022002C7539 /* Resources */ = {
			isa = PBXResourcesBuildPhase;
			buildActionMask = 2147483647;
			files = (
				C79240E819406022002C7539 /* Images.xcassets in Resources */,
			);
			runOnlyForDeploymentPostprocessing = 0;
		};
		C79240EB19406022002C7539 /* Resources */ = {
			isa = PBXResourcesBuildPhase;
			buildActionMask = 2147483647;
			files = (
			);
			runOnlyForDeploymentPostprocessing = 0;
		};
/* End PBXResourcesBuildPhase section */

/* Begin PBXSourcesBuildPhase section */
		C79240D919406022002C7539 /* Sources */ = {
			isa = PBXSourcesBuildPhase;
			buildActionMask = 2147483647;
			files = (
				C79240E619406022002C7539 /* FTest.xcdatamodeld in Sources */,
				C79240E319406022002C7539 /* AppDelegate.swift in Sources */,
			);
			runOnlyForDeploymentPostprocessing = 0;
		};
		C79240E919406022002C7539 /* Sources */ = {
			isa = PBXSourcesBuildPhase;
			buildActionMask = 2147483647;
			files = (
				C79240F419406022002C7539 /* FTestTests.swift in Sources */,
			);
			runOnlyForDeploymentPostprocessing = 0;
		};
/* End PBXSourcesBuildPhase section */

/* Begin PBXTargetDependency section */
		C79240EF19406022002C7539 /* PBXTargetDependency */ = {
			isa = PBXTargetDependency;
			target = C79240DC19406022002C7539 /* FTest */;
			targetProxy = C79240EE19406022002C7539 /* PBXContainerItemProxy */;
		};
/* End PBXTargetDependency section */

/* Begin XCBuildConfiguration section */
		C79240F519406022002C7539 /* Debug */ = {
			isa = XCBuildConfiguration;
			buildSettings = {
				ALWAYS_SEARCH_USER_PATHS = NO;
				CLANG_CXX_LANGUAGE_STANDARD = "gnu++0x";
				CLANG_CXX_LIBRARY = "libc++";
				CLANG_ENABLE_MODULES = YES;
				CLANG_ENABLE_OBJC_ARC = YES;
				CLANG_WARN_BOOL_CONVERSION = YES;
				CLANG_WARN_CONSTANT_CONVERSION = YES;
				CLANG_WARN_DIRECT_OBJC_ISA_USAGE = YES_ERROR;
				CLANG_WARN_EMPTY_BODY = YES;
				CLANG_WARN_ENUM_CONVERSION = YES;
				CLANG_WARN_INT_CONVERSION = YES;
				CLANG_WARN_OBJC_ROOT_CLASS = YES_ERROR;
				CLANG_WARN_UNREACHABLE_CODE = YES;
				CLANG_WARN__DUPLICATE_METHOD_MATCH = YES;
				"CODE_SIGN_IDENTITY[sdk=iphoneos*]" = "iPhone Developer";
				COPY_PHASE_STRIP = NO;
				ENABLE_STRICT_OBJC_MSGSEND = YES;
				GCC_C_LANGUAGE_STANDARD = gnu99;
				GCC_DYNAMIC_NO_PIC = NO;
				GCC_OPTIMIZATION_LEVEL = 0;
				GCC_PREPROCESSOR_DEFINITIONS = (
					"DEBUG=1",
					"$(inherited)",
				);
				GCC_SYMBOLS_PRIVATE_EXTERN = NO;
				GCC_WARN_64_TO_32_BIT_CONVERSION = YES;
				GCC_WARN_ABOUT_RETURN_TYPE = YES_ERROR;
				GCC_WARN_UNDECLARED_SELECTOR = YES;
				GCC_WARN_UNINITIALIZED_AUTOS = YES_AGGRESSIVE;
				GCC_WARN_UNUSED_FUNCTION = YES;
				GCC_WARN_UNUSED_VARIABLE = YES;
				IPHONEOS_DEPLOYMENT_TARGET = 8.0;
				METAL_ENABLE_DEBUG_INFO = YES;
				ONLY_ACTIVE_ARCH = YES;
				SDKROOT = iphoneos;
				SWIFT_OPTIMIZATION_LEVEL = "-Onone";
				TARGETED_DEVICE_FAMILY = "1,2";
			};
			name = Debug;
		};
		C79240F619406022002C7539 /* Release */ = {
			isa = XCBuildConfiguration;
			buildSettings = {
				ALWAYS_SEARCH_USER_PATHS = NO;
				CLANG_CXX_LANGUAGE_STANDARD = "gnu++0x";
				CLANG_CXX_LIBRARY = "libc++";
				CLANG_ENABLE_MODULES = YES;
				CLANG_ENABLE_OBJC_ARC = YES;
				CLANG_WARN_BOOL_CONVERSION = YES;
				CLANG_WARN_CONSTANT_CONVERSION = YES;
				CLANG_WARN_DIRECT_OBJC_ISA_USAGE = YES_ERROR;
				CLANG_WARN_EMPTY_BODY = YES;
				CLANG_WARN_ENUM_CONVERSION = YES;
				CLANG_WARN_INT_CONVERSION = YES;
				CLANG_WARN_OBJC_ROOT_CLASS = YES_ERROR;
				CLANG_WARN_UNREACHABLE_CODE = YES;
				CLANG_WARN__DUPLICATE_METHOD_MATCH = YES;
				"CODE_SIGN_IDENTITY[sdk=iphoneos*]" = "iPhone Developer";
				COPY_PHASE_STRIP = YES;
				ENABLE_NS_ASSERTIONS = NO;
				ENABLE_STRICT_OBJC_MSGSEND = YES;
				GCC_C_LANGUAGE_STANDARD = gnu99;
				GCC_WARN_64_TO_32_BIT_CONVERSION = YES;
				GCC_WARN_ABOUT_RETURN_TYPE = YES_ERROR;
				GCC_WARN_UNDECLARED_SELECTOR = YES;
				GCC_WARN_UNINITIALIZED_AUTOS = YES_AGGRESSIVE;
				GCC_WARN_UNUSED_FUNCTION = YES;
				GCC_WARN_UNUSED_VARIABLE = YES;
				IPHONEOS_DEPLOYMENT_TARGET = 8.0;
				METAL_ENABLE_DEBUG_INFO = NO;
				SDKROOT = iphoneos;
				TARGETED_DEVICE_FAMILY = "1,2";
				VALIDATE_PRODUCT = YES;
			};
			name = Release;
		};
		C79240F819406022002C7539 /* Debug */ = {
			isa = XCBuildConfiguration;
			buildSettings = {
				ASSETCATALOG_COMPILER_APPICON_NAME = AppIcon;
				ASSETCATALOG_COMPILER_LAUNCHIMAGE_NAME = LaunchImage;
				INFOPLIST_FILE = FTest/Info.plist;
				LD_RUNPATH_SEARCH_PATHS = "$(inherited) @executable_path/Frameworks";
				PRODUCT_NAME = "$(TARGET_NAME)";
			};
			name = Debug;
		};
		C79240F919406022002C7539 /* Release */ = {
			isa = XCBuildConfiguration;
			buildSettings = {
				ASSETCATALOG_COMPILER_APPICON_NAME = AppIcon;
				ASSETCATALOG_COMPILER_LAUNCHIMAGE_NAME = LaunchImage;
				INFOPLIST_FILE = FTest/Info.plist;
				LD_RUNPATH_SEARCH_PATHS = "$(inherited) @executable_path/Frameworks";
				PRODUCT_NAME = "$(TARGET_NAME)";
			};
			name = Release;
		};
		C79240FB19406022002C7539 /* Debug */ = {
			isa = XCBuildConfiguration;
			buildSettings = {
				BUNDLE_LOADER = "$(BUILT_PRODUCTS_DIR)/FTest.app/FTest";
				FRAMEWORK_SEARCH_PATHS = (
					"$(SDKROOT)/Developer/Library/Frameworks",
					"$(inherited)",
				);
				GCC_PREPROCESSOR_DEFINITIONS = (
					"DEBUG=1",
					"$(inherited)",
				);
				INFOPLIST_FILE = FTestTests/Info.plist;
				LD_RUNPATH_SEARCH_PATHS = "$(inherited) @executable_path/Frameworks @loader_path/Frameworks";
				METAL_ENABLE_DEBUG_INFO = YES;
				PRODUCT_NAME = "$(TARGET_NAME)";
				TEST_HOST = "$(BUNDLE_LOADER)";
			};
			name = Debug;
		};
		C79240FC19406022002C7539 /* Release */ = {
			isa = XCBuildConfiguration;
			buildSettings = {
				BUNDLE_LOADER = "$(BUILT_PRODUCTS_DIR)/FTest.app/FTest";
				FRAMEWORK_SEARCH_PATHS = (
					"$(SDKROOT)/Developer/Library/Frameworks",
					"$(inherited)",
				);
				INFOPLIST_FILE = FTestTests/Info.plist;
				LD_RUNPATH_SEARCH_PATHS = "$(inherited) @executable_path/Frameworks @loader_path/Frameworks";
				METAL_ENABLE_DEBUG_INFO = NO;
				PRODUCT_NAME = "$(TARGET_NAME)";
				TEST_HOST = "$(BUNDLE_LOADER)";
			};
			name = Release;
		};
/* End XCBuildConfiguration section */

/* Begin XCConfigurationList section */
		C79240D819406022002C7539 /* Build configuration list for PBXProject "FTest" */ = {
			isa = XCConfigurationList;
			buildConfigurations = (
				C79240F519406022002C7539 /* Debug */,
				C79240F619406022002C7539 /* Release */,
			);
			defaultConfigurationIsVisible = 0;
			defaultConfigurationName = Release;
		};
		C79240F719406022002C7539 /* Build configuration list for PBXNativeTarget "FTest" */ = {
			isa = XCConfigurationList;
			buildConfigurations = (
				C79240F819406022002C7539 /* Debug */,
				C79240F919406022002C7539 /* Release */,
			);
			defaultConfigurationIsVisible = 0;
		};
		C79240FA19406022002C7539 /* Build configuration list for PBXNativeTarget "FTestTests" */ = {
			isa = XCConfigurationList;
			buildConfigurations = (
				C79240FB19406022002C7539 /* Debug */,
				C79240FC19406022002C7539 /* Release */,
			);
			defaultConfigurationIsVisible = 0;
		};
/* End XCConfigurationList section */

/* Begin XCVersionGroup section */
		C79240E419406022002C7539 /* FTest.xcdatamodeld */ = {
			isa = XCVersionGroup;
			children = (
				C79240E519406022002C7539 /* FTest.xcdatamodel */,
			);
			currentVersion = C79240E519406022002C7539 /* FTest.xcdatamodel */;
			path = FTest.xcdatamodeld;
			sourceTree = "<group>";
			versionGroupType = wrapper.xcdatamodel;
		};
/* End XCVersionGroup section */
	};
	rootObject = C79240D519406022002C7539 /* Project object */;
}
